
Microsoft Visual Studio Solution File, Format Version 12.00
# Visual Studio Version 17
VisualStudioVersion = 17.8.34511.84
MinimumVisualStudioVersion = 10.0.40219.1
Project("{9A19103F-16F7-4668-BE54-9A1E7A4F7556}") = "lab7PPTPM", "lab7PPTPM\lab7PPTPM.csproj", "{EFF68FC4-78B1-424B-9382-641494FF5606}"
EndProject
Global
	GlobalSection(SolutionConfigurationPlatforms) = preSolution
		Debug|Any CPU = Debug|Any CPU
		Release|Any CPU = Release|Any CPU
	EndGlobalSection
	GlobalSection(ProjectConfigurationPlatforms) = postSolution
		{EFF68FC4-78B1-424B-9382-641494FF5606}.Debug|Any CPU.ActiveCfg = Debug|Any CPU
		{EFF68FC4-78B1-424B-9382-641494FF5606}.Debug|Any CPU.Build.0 = Debug|Any CPU
		{EFF68FC4-78B1-424B-9382-641494FF5606}.Release|Any CPU.ActiveCfg = Release|Any CPU
		{EFF68FC4-78B1-424B-9382-641494FF5606}.Release|Any CPU.Build.0 = Release|Any CPU
	EndGlobalSection
	GlobalSection(SolutionProperties) = preSolution
		HideSolutionNode = FALSE
	EndGlobalSection
	GlobalSection(ExtensibilityGlobals) = postSolution
		SolutionGuid = {1AD8921F-9C2C-4CA0-9F1C-881A590633C5}
	EndGlobalSection
EndGlobal
